{
	"name": "scroll-active",
	"version": "0.0.7",
	"lockfileVersion": 1,
	"requires": true,
	"dependencies": {
		"tween-task": {
			"version": "0.0.8",
			"resolved": "https://registry.npm.taobao.org/tween-task/download/tween-task-0.0.8.tgz",
			"integrity": "sha1-ok6tn9bnFLBTtMJUWj8D+JazCEU=",
			"dev": true
		}
	}
}
