{
	"name": "v-scroll-active",
	"version": "0.0.6",
	"lockfileVersion": 1,
	"requires": true,
	"dependencies": {
		"@rollup/plugin-buble": {
			"version": "0.21.3",
			"resolved": "https://registry.npm.taobao.org/@rollup/plugin-buble/download/@rollup/plugin-buble-0.21.3.tgz",
			"integrity": "sha1-FkmpFbHQUaT0MNQOdzSn9nppsz4=",
			"dev": true,
			"requires": {
				"@rollup/pluginutils": "^3.0.8",
				"@types/buble": "^0.19.2",
				"buble": "^0.20.0"
			}
		},
		"@rollup/pluginutils": {
			"version": "3.1.0",
			"resolved": "https://registry.npm.taobao.org/@rollup/pluginutils/download/@rollup/pluginutils-3.1.0.tgz?cache=0&sync_timestamp=1591365388348&other_urls=https%3A%2F%2Fregistry.npm.taobao.org%2F%40rollup%2Fpluginutils%2Fdownload%2F%40rollup%2Fpluginutils-3.1.0.tgz",
			"integrity": "sha1-cGtFJO5tyLEDs8mVUz5a1oDAK5s=",
			"dev": true,
			"requires": {
				"@types/estree": "0.0.39",
				"estree-walker": "^1.0.1",
				"picomatch": "^2.2.2"
			}
		},
		"@types/buble": {
			"version": "0.19.2",
			"resolved": "https://registry.npm.taobao.org/@types/buble/download/@types/buble-0.19.2.tgz",
			"integrity": "sha1-pCidILF1s8IGqq2Ayqvavj7N/dE=",
			"dev": true,
			"requires": {
				"magic-string": "^0.25.0"
			}
		},
		"@types/estree": {
			"version": "0.0.39",
			"resolved": "https://registry.npm.taobao.org/@types/estree/download/@types/estree-0.0.39.tgz?cache=0&sync_timestamp=1588200581425&other_urls=https%3A%2F%2Fregistry.npm.taobao.org%2F%40types%2Festree%2Fdownload%2F%40types%2Festree-0.0.39.tgz",
			"integrity": "sha1-4Xfmme4bjCLSMXTKqnQiZEOJUJ8=",
			"dev": true
		},
		"acorn": {
			"version": "6.4.1",
			"resolved": "https://registry.npm.taobao.org/acorn/download/acorn-6.4.1.tgz?cache=0&sync_timestamp=1591869455923&other_urls=https%3A%2F%2Fregistry.npm.taobao.org%2Facorn%2Fdownload%2Facorn-6.4.1.tgz",
			"integrity": "sha1-Ux5Yuj9RudrLmmZGyk3r9bFMpHQ=",
			"dev": true
		},
		"acorn-dynamic-import": {
			"version": "4.0.0",
			"resolved": "https://registry.npm.taobao.org/acorn-dynamic-import/download/acorn-dynamic-import-4.0.0.tgz?cache=0&other_urls=https%3A%2F%2Fregistry.npm.taobao.org%2Facorn-dynamic-import%2Fdownload%2Facorn-dynamic-import-4.0.0.tgz",
			"integrity": "sha1-SCIQFAWCo2uDw+NC4c/ryqkkCUg=",
			"dev": true
		},
		"acorn-jsx": {
			"version": "5.2.0",
			"resolved": "https://registry.npm.taobao.org/acorn-jsx/download/acorn-jsx-5.2.0.tgz",
			"integrity": "sha1-TGYGkXPW/daO2FI5/CViJhgrLr4=",
			"dev": true
		},
		"ansi-styles": {
			"version": "3.2.1",
			"resolved": "https://registry.npm.taobao.org/ansi-styles/download/ansi-styles-3.2.1.tgz",
			"integrity": "sha1-QfuyAkPlCxK+DwS43tvwdSDOhB0=",
			"dev": true,
			"requires": {
				"color-convert": "^1.9.0"
			}
		},
		"buble": {
			"version": "0.20.0",
			"resolved": "https://registry.npm.taobao.org/buble/download/buble-0.20.0.tgz",
			"integrity": "sha1-oUOXmo2Wi392tX848ufOfP6TjR8=",
			"dev": true,
			"requires": {
				"acorn": "^6.4.1",
				"acorn-dynamic-import": "^4.0.0",
				"acorn-jsx": "^5.2.0",
				"chalk": "^2.4.2",
				"magic-string": "^0.25.7",
				"minimist": "^1.2.5",
				"regexpu-core": "4.5.4"
			}
		},
		"chalk": {
			"version": "2.4.2",
			"resolved": "https://registry.npm.taobao.org/chalk/download/chalk-2.4.2.tgz?cache=0&sync_timestamp=1591687076871&other_urls=https%3A%2F%2Fregistry.npm.taobao.org%2Fchalk%2Fdownload%2Fchalk-2.4.2.tgz",
			"integrity": "sha1-zUJUFnelQzPPVBpJEIwUMrRMlCQ=",
			"dev": true,
			"requires": {
				"ansi-styles": "^3.2.1",
				"escape-string-regexp": "^1.0.5",
				"supports-color": "^5.3.0"
			}
		},
		"color-convert": {
			"version": "1.9.3",
			"resolved": "https://registry.npm.taobao.org/color-convert/download/color-convert-1.9.3.tgz",
			"integrity": "sha1-u3GFBpDh8TZWfeYp0tVHHe2kweg=",
			"dev": true,
			"requires": {
				"color-name": "1.1.3"
			}
		},
		"color-name": {
			"version": "1.1.3",
			"resolved": "https://registry.npm.taobao.org/color-name/download/color-name-1.1.3.tgz",
			"integrity": "sha1-p9BVi9icQveV3UIyj3QIMcpTvCU=",
			"dev": true
		},
		"de-indent": {
			"version": "1.0.2",
			"resolved": "https://registry.npm.taobao.org/de-indent/download/de-indent-1.0.2.tgz?cache=0&other_urls=https%3A%2F%2Fregistry.npm.taobao.org%2Fde-indent%2Fdownload%2Fde-indent-1.0.2.tgz",
			"integrity": "sha1-sgOOhG3DO6pXlhKNCAS0VbjB4h0=",
			"dev": true
		},
		"debug": {
			"version": "4.3.4",
			"resolved": "https://registry.npmmirror.com/debug/-/debug-4.3.4.tgz",
			"integrity": "sha512-PRWFHuSU3eDtQJPvnNY7Jcket1j0t5OuOsFzPPzsekD52Zl8qUfFIPEiswXqIvHWGVHOgX+7G/vCNNhehwxfkQ==",
			"dev": true,
			"requires": {
				"ms": "2.1.2"
			}
		},
		"escape-string-regexp": {
			"version": "1.0.5",
			"resolved": "https://registry.npm.taobao.org/escape-string-regexp/download/escape-string-regexp-1.0.5.tgz",
			"integrity": "sha1-G2HAViGQqN/2rjuyzwIAyhMLhtQ=",
			"dev": true
		},
		"estree-walker": {
			"version": "1.0.1",
			"resolved": "https://registry.npm.taobao.org/estree-walker/download/estree-walker-1.0.1.tgz",
			"integrity": "sha1-MbxdYSyWtwQQa0d+bdXYqhOMtwA=",
			"dev": true
		},
		"has-flag": {
			"version": "3.0.0",
			"resolved": "https://registry.npm.taobao.org/has-flag/download/has-flag-3.0.0.tgz",
			"integrity": "sha1-tdRU3CGZriJWmfNGfloH87lVuv0=",
			"dev": true
		},
		"hash-sum": {
			"version": "2.0.0",
			"resolved": "https://registry.npmmirror.com/hash-sum/-/hash-sum-2.0.0.tgz",
			"integrity": "sha512-WdZTbAByD+pHfl/g9QSsBIIwy8IT+EsPiKDs0KNX+zSHhdDLFKdZu0BQHljvO+0QI/BasbMSUa8wYNCZTvhslg==",
			"dev": true
		},
		"he": {
			"version": "1.2.0",
			"resolved": "https://registry.npm.taobao.org/he/download/he-1.2.0.tgz",
			"integrity": "sha1-hK5l+n6vsWX922FWauFLrwVmTw8=",
			"dev": true
		},
		"jsesc": {
			"version": "0.5.0",
			"resolved": "https://registry.npm.taobao.org/jsesc/download/jsesc-0.5.0.tgz",
			"integrity": "sha1-597mbjXW/Bb3EP6R1c9p9w8IkR0=",
			"dev": true
		},
		"magic-string": {
			"version": "0.25.7",
			"resolved": "https://registry.npm.taobao.org/magic-string/download/magic-string-0.25.7.tgz?cache=0&sync_timestamp=1583500518436&other_urls=https%3A%2F%2Fregistry.npm.taobao.org%2Fmagic-string%2Fdownload%2Fmagic-string-0.25.7.tgz",
			"integrity": "sha1-P0l9b9NMZpxnmNy4IfLvMfVEUFE=",
			"dev": true,
			"requires": {
				"sourcemap-codec": "^1.4.4"
			}
		},
		"minimist": {
			"version": "1.2.5",
			"resolved": "https://registry.npm.taobao.org/minimist/download/minimist-1.2.5.tgz",
			"integrity": "sha1-Z9ZgFLZqaoqqDAg8X9WN9OTpdgI=",
			"dev": true
		},
		"ms": {
			"version": "2.1.2",
			"resolved": "https://registry.npmmirror.com/ms/-/ms-2.1.2.tgz",
			"integrity": "sha512-sGkPx+VjMtmA6MX27oA4FBFELFCZZ4S4XqeGOXCv68tT+jb3vk/RyaKWP0PTKyWtmLSM0b+adUTEvbs1PEaH2w==",
			"dev": true
		},
		"picomatch": {
			"version": "2.2.2",
			"resolved": "https://registry.npm.taobao.org/picomatch/download/picomatch-2.2.2.tgz?cache=0&other_urls=https%3A%2F%2Fregistry.npm.taobao.org%2Fpicomatch%2Fdownload%2Fpicomatch-2.2.2.tgz",
			"integrity": "sha1-IfMz6ba46v8CRo9RRupAbTRfTa0=",
			"dev": true
		},
		"regenerate": {
			"version": "1.4.1",
			"resolved": "https://registry.npm.taobao.org/regenerate/download/regenerate-1.4.1.tgz",
			"integrity": "sha1-ytkq2Oa1kXc0hfvgWkhcr09Ffm8=",
			"dev": true
		},
		"regenerate-unicode-properties": {
			"version": "8.2.0",
			"resolved": "https://registry.npm.taobao.org/regenerate-unicode-properties/download/regenerate-unicode-properties-8.2.0.tgz",
			"integrity": "sha1-5d5xEdZV57pgwFfb6f83yH5lzew=",
			"dev": true,
			"requires": {
				"regenerate": "^1.4.0"
			}
		},
		"regexpu-core": {
			"version": "4.5.4",
			"resolved": "https://registry.npm.taobao.org/regexpu-core/download/regexpu-core-4.5.4.tgz?cache=0&other_urls=https%3A%2F%2Fregistry.npm.taobao.org%2Fregexpu-core%2Fdownload%2Fregexpu-core-4.5.4.tgz",
			"integrity": "sha1-CA2dAiiaqH/hZnpPUTa8mKauuq4=",
			"dev": true,
			"requires": {
				"regenerate": "^1.4.0",
				"regenerate-unicode-properties": "^8.0.2",
				"regjsgen": "^0.5.0",
				"regjsparser": "^0.6.0",
				"unicode-match-property-ecmascript": "^1.0.4",
				"unicode-match-property-value-ecmascript": "^1.1.0"
			}
		},
		"regjsgen": {
			"version": "0.5.2",
			"resolved": "https://registry.npm.taobao.org/regjsgen/download/regjsgen-0.5.2.tgz?cache=0&sync_timestamp=1590335980151&other_urls=https%3A%2F%2Fregistry.npm.taobao.org%2Fregjsgen%2Fdownload%2Fregjsgen-0.5.2.tgz",
			"integrity": "sha1-kv8pX7He7L9uzaslQ9IH6RqjNzM=",
			"dev": true
		},
		"regjsparser": {
			"version": "0.6.4",
			"resolved": "https://registry.npm.taobao.org/regjsparser/download/regjsparser-0.6.4.tgz",
			"integrity": "sha1-p2n4aEMIQBpm6bUp0kNv9NBmYnI=",
			"dev": true,
			"requires": {
				"jsesc": "~0.5.0"
			}
		},
		"rollup-plugin-vue": {
			"version": "6.0.0",
			"resolved": "https://registry.npmmirror.com/rollup-plugin-vue/-/rollup-plugin-vue-6.0.0.tgz",
			"integrity": "sha512-oVvUd84d5u73M2HYM3XsMDLtZRIA/tw2U0dmHlXU2UWP5JARYHzh/U9vcxaN/x/9MrepY7VH3pHFeOhrWpxs/Q==",
			"dev": true,
			"requires": {
				"debug": "^4.1.1",
				"hash-sum": "^2.0.0",
				"rollup-pluginutils": "^2.8.2"
			}
		},
		"rollup-pluginutils": {
			"version": "2.8.2",
			"resolved": "https://registry.npmmirror.com/rollup-pluginutils/-/rollup-pluginutils-2.8.2.tgz",
			"integrity": "sha512-EEp9NhnUkwY8aif6bxgovPHMoMoNr2FulJziTndpt5H9RdwC47GSGuII9XxpSdzVGM0GWrNPHV6ie1LTNJPaLQ==",
			"dev": true,
			"requires": {
				"estree-walker": "^0.6.1"
			},
			"dependencies": {
				"estree-walker": {
					"version": "0.6.1",
					"resolved": "https://registry.npmmirror.com/estree-walker/-/estree-walker-0.6.1.tgz",
					"integrity": "sha512-SqmZANLWS0mnatqbSfRP5g8OXZC12Fgg1IwNtLsyHDzJizORW4khDfjPqJZsemPWBB2uqykUah5YpQ6epsqC/w==",
					"dev": true
				}
			}
		},
		"scroll-active": {
			"version": "0.0.9",
			"resolved": "https://registry.npmmirror.com/scroll-active/-/scroll-active-0.0.9.tgz",
			"integrity": "sha512-xGQgoTYA7koWAqJmbLzHNyUGDvH3keTu0AKnpNgtPoz0mfWiZ0ma0Tpsi3NErFBIdbO/k843te+SEcpiyZGM3w==",
			"dev": true
		},
		"sourcemap-codec": {
			"version": "1.4.8",
			"resolved": "https://registry.npm.taobao.org/sourcemap-codec/download/sourcemap-codec-1.4.8.tgz",
			"integrity": "sha1-6oBL2UhXQC5pktBaOO8a41qatMQ=",
			"dev": true
		},
		"supports-color": {
			"version": "5.5.0",
			"resolved": "https://registry.npm.taobao.org/supports-color/download/supports-color-5.5.0.tgz",
			"integrity": "sha1-4uaaRKyHcveKHsCzW2id9lMO/I8=",
			"dev": true,
			"requires": {
				"has-flag": "^3.0.0"
			}
		},
		"unicode-canonical-property-names-ecmascript": {
			"version": "1.0.4",
			"resolved": "https://registry.npm.taobao.org/unicode-canonical-property-names-ecmascript/download/unicode-canonical-property-names-ecmascript-1.0.4.tgz",
			"integrity": "sha1-JhmADEyCWADv3YNDr33Zkzy+KBg=",
			"dev": true
		},
		"unicode-match-property-ecmascript": {
			"version": "1.0.4",
			"resolved": "https://registry.npm.taobao.org/unicode-match-property-ecmascript/download/unicode-match-property-ecmascript-1.0.4.tgz",
			"integrity": "sha1-jtKjJWmWG86SJ9Cc0/+7j+1fAgw=",
			"dev": true,
			"requires": {
				"unicode-canonical-property-names-ecmascript": "^1.0.4",
				"unicode-property-aliases-ecmascript": "^1.0.4"
			}
		},
		"unicode-match-property-value-ecmascript": {
			"version": "1.2.0",
			"resolved": "https://registry.npm.taobao.org/unicode-match-property-value-ecmascript/download/unicode-match-property-value-ecmascript-1.2.0.tgz?cache=0&sync_timestamp=1583948593703&other_urls=https%3A%2F%2Fregistry.npm.taobao.org%2Funicode-match-property-value-ecmascript%2Fdownload%2Funicode-match-property-value-ecmascript-1.2.0.tgz",
			"integrity": "sha1-DZH2AO7rMJaqlisdb8iIduZOpTE=",
			"dev": true
		},
		"unicode-property-aliases-ecmascript": {
			"version": "1.1.0",
			"resolved": "https://registry.npm.taobao.org/unicode-property-aliases-ecmascript/download/unicode-property-aliases-ecmascript-1.1.0.tgz?cache=0&sync_timestamp=1583945817604&other_urls=https%3A%2F%2Fregistry.npm.taobao.org%2Funicode-property-aliases-ecmascript%2Fdownload%2Funicode-property-aliases-ecmascript-1.1.0.tgz",
			"integrity": "sha1-3Vepn2IHvt/0Yoq++5TFDblByPQ=",
			"dev": true
		},
		"vue": {
			"version": "2.6.11",
			"resolved": "https://registry.npm.taobao.org/vue/download/vue-2.6.11.tgz?cache=0&sync_timestamp=1591999884280&other_urls=https%3A%2F%2Fregistry.npm.taobao.org%2Fvue%2Fdownload%2Fvue-2.6.11.tgz",
			"integrity": "sha1-dllNh31LEiNEBuhONSdcbVFBJcU=",
			"dev": true
		},
		"vue-template-compiler": {
			"version": "2.6.11",
			"resolved": "https://registry.npm.taobao.org/vue-template-compiler/download/vue-template-compiler-2.6.11.tgz",
			"integrity": "sha1-wEcE749JixUxMAGJk+VjCdRpgIA=",
			"dev": true,
			"requires": {
				"de-indent": "^1.0.2",
				"he": "^1.1.0"
			}
		}
	}
}
